// !$*UTF8*$!
{
	archiveVersion = 1;
	classes = {
	};
	objectVersion = 50;
	objects = {

/* Begin PBXBuildFile section */
		B826DA9422B9E9B9002197FA /* BookmarksScene.swift in Sources */ = {isa = PBXBuildFile; fileRef = B826DA9322B9E9B9002197FA /* BookmarksScene.swift */; };
		B826DA9722B9EABB002197FA /* TabScene.swift in Sources */ = {isa = PBXBuildFile; fileRef = B826DA9622B9EABB002197FA /* TabScene.swift */; };
		B826DA9B22BA7D46002197FA /* GitHubClient.swift in Sources */ = {isa = PBXBuildFile; fileRef = B826DA9A22BA7D46002197FA /* GitHubClient.swift */; };
		B86012EB22AE974000256BBE /* AppDelegate.swift in Sources */ = {isa = PBXBuildFile; fileRef = B86012EA22AE974000256BBE /* AppDelegate.swift */; };
		B86012ED22AE974000256BBE /* SceneDelegate.swift in Sources */ = {isa = PBXBuildFile; fileRef = B86012EC22AE974000256BBE /* SceneDelegate.swift */; };
		B86012F122AE974100256BBE /* Assets.xcassets in Resources */ = {isa = PBXBuildFile; fileRef = B86012F022AE974100256BBE /* Assets.xcassets */; };
		B86012F422AE974100256BBE /* Preview Assets.xcassets in Resources */ = {isa = PBXBuildFile; fileRef = B86012F322AE974100256BBE /* Preview Assets.xcassets */; };
		B86012F722AE974100256BBE /* LaunchScreen.storyboard in Resources */ = {isa = PBXBuildFile; fileRef = B86012F522AE974100256BBE /* LaunchScreen.storyboard */; };
		B860130E22AEA9B000256BBE /* RepositorySearchResultsScene.swift in Sources */ = {isa = PBXBuildFile; fileRef = B860130D22AEA9B000256BBE /* RepositorySearchResultsScene.swift */; };
		B860131122AEA9C600256BBE /* RepositoryRow.swift in Sources */ = {isa = PBXBuildFile; fileRef = B860131022AEA9C600256BBE /* RepositoryRow.swift */; };
		B860131422AEAA2C00256BBE /* Repository.swift in Sources */ = {isa = PBXBuildFile; fileRef = B860131322AEAA2C00256BBE /* Repository.swift */; };
		B860131622AEAA4200256BBE /* User.swift in Sources */ = {isa = PBXBuildFile; fileRef = B860131522AEAA4200256BBE /* User.swift */; };
		B8A5345822BA855900D8E1B2 /* SearchResponse.swift in Sources */ = {isa = PBXBuildFile; fileRef = B8A5345722BA855900D8E1B2 /* SearchResponse.swift */; };
		B8A5345B22BB9C7100D8E1B2 /* GitHubAPI.swift in Sources */ = {isa = PBXBuildFile; fileRef = B8A5345A22BB9C7100D8E1B2 /* GitHubAPI.swift */; };
		B8A5345D22BB9E4300D8E1B2 /* GitHubRequest.swift in Sources */ = {isa = PBXBuildFile; fileRef = B8A5345C22BB9E4300D8E1B2 /* GitHubRequest.swift */; };
		B8A5345F22BB9E9800D8E1B2 /* HTTPMethod.swift in Sources */ = {isa = PBXBuildFile; fileRef = B8A5345E22BB9E9800D8E1B2 /* HTTPMethod.swift */; };
		B8A5346222BB9F6D00D8E1B2 /* GitHubAPIError.swift in Sources */ = {isa = PBXBuildFile; fileRef = B8A5346122BB9F6D00D8E1B2 /* GitHubAPIError.swift */; };
		B8A5346422BBA07A00D8E1B2 /* GitHubClientError.swift in Sources */ = {isa = PBXBuildFile; fileRef = B8A5346322BBA07A00D8E1B2 /* GitHubClientError.swift */; };
		B8A5346722BBA0DE00D8E1B2 /* URLQueryItem+extension.swift in Sources */ = {isa = PBXBuildFile; fileRef = B8A5346622BBA0DE00D8E1B2 /* URLQueryItem+extension.swift */; };
		B8E66E3222AF5BD400DF8EB5 /* RepositoryDetailScene.swift in Sources */ = {isa = PBXBuildFile; fileRef = B8E66E3122AF5BD400DF8EB5 /* RepositoryDetailScene.swift */; };
		B8E66E3522AFB5F200DF8EB5 /* WebView.swift in Sources */ = {isa = PBXBuildFile; fileRef = B8E66E3422AFB5F200DF8EB5 /* WebView.swift */; };
/* End PBXBuildFile section */

/* Begin PBXFileReference section */
		B826DA9322B9E9B9002197FA /* BookmarksScene.swift */ = {isa = PBXFileReference; lastKnownFileType = sourcecode.swift; path = BookmarksScene.swift; sourceTree = "<group>"; };
		B826DA9622B9EABB002197FA /* TabScene.swift */ = {isa = PBXFileReference; lastKnownFileType = sourcecode.swift; path = TabScene.swift; sourceTree = "<group>"; };
		B826DA9A22BA7D46002197FA /* GitHubClient.swift */ = {isa = PBXFileReference; lastKnownFileType = sourcecode.swift; path = GitHubClient.swift; sourceTree = "<group>"; };
		B86012E722AE974000256BBE /* github-swiftui.app */ = {isa = PBXFileReference; explicitFileType = wrapper.application; includeInIndex = 0; path = "github-swiftui.app"; sourceTree = BUILT_PRODUCTS_DIR; };
		B86012EA22AE974000256BBE /* AppDelegate.swift */ = {isa = PBXFileReference; lastKnownFileType = sourcecode.swift; path = AppDelegate.swift; sourceTree = "<group>"; };
		B86012EC22AE974000256BBE /* SceneDelegate.swift */ = {isa = PBXFileReference; lastKnownFileType = sourcecode.swift; path = SceneDelegate.swift; sourceTree = "<group>"; };
		B86012F022AE974100256BBE /* Assets.xcassets */ = {isa = PBXFileReference; lastKnownFileType = folder.assetcatalog; path = Assets.xcassets; sourceTree = "<group>"; };
		B86012F322AE974100256BBE /* Preview Assets.xcassets */ = {isa = PBXFileReference; lastKnownFileType = folder.assetcatalog; path = "Preview Assets.xcassets"; sourceTree = "<group>"; };
		B86012F622AE974100256BBE /* Base */ = {isa = PBXFileReference; lastKnownFileType = file.storyboard; name = Base; path = Base.lproj/LaunchScreen.storyboard; sourceTree = "<group>"; };
		B86012F822AE974100256BBE /* Info.plist */ = {isa = PBXFileReference; lastKnownFileType = text.plist.xml; path = Info.plist; sourceTree = "<group>"; };
		B860130D22AEA9B000256BBE /* RepositorySearchResultsScene.swift */ = {isa = PBXFileReference; lastKnownFileType = sourcecode.swift; path = RepositorySearchResultsScene.swift; sourceTree = "<group>"; };
		B860131022AEA9C600256BBE /* RepositoryRow.swift */ = {isa = PBXFileReference; lastKnownFileType = sourcecode.swift; path = RepositoryRow.swift; sourceTree = "<group>"; };
		B860131322AEAA2C00256BBE /* Repository.swift */ = {isa = PBXFileReference; lastKnownFileType = sourcecode.swift; path = Repository.swift; sourceTree = "<group>"; };
		B860131522AEAA4200256BBE /* User.swift */ = {isa = PBXFileReference; lastKnownFileType = sourcecode.swift; path = User.swift; sourceTree = "<group>"; };
		B8A5345722BA855900D8E1B2 /* SearchResponse.swift */ = {isa = PBXFileReference; lastKnownFileType = sourcecode.swift; path = SearchResponse.swift; sourceTree = "<group>"; };
		B8A5345A22BB9C7100D8E1B2 /* GitHubAPI.swift */ = {isa = PBXFileReference; lastKnownFileType = sourcecode.swift; path = GitHubAPI.swift; sourceTree = "<group>"; };
		B8A5345C22BB9E4300D8E1B2 /* GitHubRequest.swift */ = {isa = PBXFileReference; lastKnownFileType = sourcecode.swift; path = GitHubRequest.swift; sourceTree = "<group>"; };
		B8A5345E22BB9E9800D8E1B2 /* HTTPMethod.swift */ = {isa = PBXFileReference; lastKnownFileType = sourcecode.swift; path = HTTPMethod.swift; sourceTree = "<group>"; };
		B8A5346122BB9F6D00D8E1B2 /* GitHubAPIError.swift */ = {isa = PBXFileReference; lastKnownFileType = sourcecode.swift; path = GitHubAPIError.swift; sourceTree = "<group>"; };
		B8A5346322BBA07A00D8E1B2 /* GitHubClientError.swift */ = {isa = PBXFileReference; lastKnownFileType = sourcecode.swift; path = GitHubClientError.swift; sourceTree = "<group>"; };
		B8A5346622BBA0DE00D8E1B2 /* URLQueryItem+extension.swift */ = {isa = PBXFileReference; lastKnownFileType = sourcecode.swift; path = "URLQueryItem+extension.swift"; sourceTree = "<group>"; };
		B8E66E3122AF5BD400DF8EB5 /* RepositoryDetailScene.swift */ = {isa = PBXFileReference; lastKnownFileType = sourcecode.swift; path = RepositoryDetailScene.swift; sourceTree = "<group>"; };
		B8E66E3422AFB5F200DF8EB5 /* WebView.swift */ = {isa = PBXFileReference; lastKnownFileType = sourcecode.swift; path = WebView.swift; sourceTree = "<group>"; };
/* End PBXFileReference section */

/* Begin PBXFrameworksBuildPhase section */
		B86012E422AE974000256BBE /* Frameworks */ = {
			isa = PBXFrameworksBuildPhase;
			buildActionMask = 2147483647;
			files = (
			);
			runOnlyForDeploymentPostprocessing = 0;
		};
/* End PBXFrameworksBuildPhase section */

/* Begin PBXGroup section */
		B826DA9222B9E995002197FA /* Bookmarks */ = {
			isa = PBXGroup;
			children = (
				B826DA9322B9E9B9002197FA /* BookmarksScene.swift */,
			);
			path = Bookmarks;
			sourceTree = "<group>";
		};
		B826DA9522B9EAA7002197FA /* Tab */ = {
			isa = PBXGroup;
			children = (
				B826DA9622B9EABB002197FA /* TabScene.swift */,
			);
			path = Tab;
			sourceTree = "<group>";
		};
		B826DA9822BA7CF3002197FA /* data */ = {
			isa = PBXGroup;
			children = (
				B826DA9922BA7D01002197FA /* GitHubClient */,
			);
			path = data;
			sourceTree = "<group>";
		};
		B826DA9922BA7D01002197FA /* GitHubClient */ = {
			isa = PBXGroup;
			children = (
				B826DA9A22BA7D46002197FA /* GitHubClient.swift */,
				B8A5345922BB9B1200D8E1B2 /* GitHubAPI */,
				B8A5346022BB9F4900D8E1B2 /* GitHubError */,
			);
			path = GitHubClient;
			sourceTree = "<group>";
		};
		B86012DE22AE974000256BBE = {
			isa = PBXGroup;
			children = (
				B86012E922AE974000256BBE /* github-swiftui */,
				B86012E822AE974000256BBE /* Products */,
			);
			sourceTree = "<group>";
		};
		B86012E822AE974000256BBE /* Products */ = {
			isa = PBXGroup;
			children = (
				B86012E722AE974000256BBE /* github-swiftui.app */,
			);
			name = Products;
			sourceTree = "<group>";
		};
		B86012E922AE974000256BBE /* github-swiftui */ = {
			isa = PBXGroup;
			children = (
				B860131722AEAB0700256BBE /* application */,
				B860130B22AEA97F00256BBE /* scenes */,
				B826DA9822BA7CF3002197FA /* data */,
				B860131222AEAA1500256BBE /* entities */,
				B8E66E3322AFB5DD00DF8EB5 /* utilities */,
				B8A5346522BBA0BF00D8E1B2 /* extensions */,
				B86012F022AE974100256BBE /* Assets.xcassets */,
				B86012F222AE974100256BBE /* Preview Content */,
			);
			path = "github-swiftui";
			sourceTree = "<group>";
		};
		B86012F222AE974100256BBE /* Preview Content */ = {
			isa = PBXGroup;
			children = (
				B86012F322AE974100256BBE /* Preview Assets.xcassets */,
			);
			path = "Preview Content";
			sourceTree = "<group>";
		};
		B860130B22AEA97F00256BBE /* scenes */ = {
			isa = PBXGroup;
			children = (
				B86012EC22AE974000256BBE /* SceneDelegate.swift */,
				B826DA9522B9EAA7002197FA /* Tab */,
				B860130C22AEA98B00256BBE /* RepositorySearchResults */,
				B826DA9222B9E995002197FA /* Bookmarks */,
				B8E66E3022AF5BB500DF8EB5 /* RepositoryDetail */,
			);
			path = scenes;
			sourceTree = "<group>";
		};
		B860130C22AEA98B00256BBE /* RepositorySearchResults */ = {
			isa = PBXGroup;
			children = (
				B860130D22AEA9B000256BBE /* RepositorySearchResultsScene.swift */,
				B860130F22AEA9B500256BBE /* row */,
			);
			path = RepositorySearchResults;
			sourceTree = "<group>";
		};
		B860130F22AEA9B500256BBE /* row */ = {
			isa = PBXGroup;
			children = (
				B860131022AEA9C600256BBE /* RepositoryRow.swift */,
			);
			path = row;
			sourceTree = "<group>";
		};
		B860131222AEAA1500256BBE /* entities */ = {
			isa = PBXGroup;
			children = (
				B860131322AEAA2C00256BBE /* Repository.swift */,
				B860131522AEAA4200256BBE /* User.swift */,
				B8A5345722BA855900D8E1B2 /* SearchResponse.swift */,
			);
			path = entities;
			sourceTree = "<group>";
		};
		B860131722AEAB0700256BBE /* application */ = {
			isa = PBXGroup;
			children = (
				B86012EA22AE974000256BBE /* AppDelegate.swift */,
				B86012F522AE974100256BBE /* LaunchScreen.storyboard */,
				B86012F822AE974100256BBE /* Info.plist */,
			);
			path = application;
			sourceTree = "<group>";
		};
		B8A5345922BB9B1200D8E1B2 /* GitHubAPI */ = {
			isa = PBXGroup;
			children = (
				B8A5345A22BB9C7100D8E1B2 /* GitHubAPI.swift */,
				B8A5345C22BB9E4300D8E1B2 /* GitHubRequest.swift */,
				B8A5345E22BB9E9800D8E1B2 /* HTTPMethod.swift */,
			);
			path = GitHubAPI;
			sourceTree = "<group>";
		};
		B8A5346022BB9F4900D8E1B2 /* GitHubError */ = {
			isa = PBXGroup;
			children = (
				B8A5346122BB9F6D00D8E1B2 /* GitHubAPIError.swift */,
				B8A5346322BBA07A00D8E1B2 /* GitHubClientError.swift */,
			);
			path = GitHubError;
			sourceTree = "<group>";
		};
		B8A5346522BBA0BF00D8E1B2 /* extensions */ = {
			isa = PBXGroup;
			children = (
				B8A5346622BBA0DE00D8E1B2 /* URLQueryItem+extension.swift */,
			);
			path = extensions;
			sourceTree = "<group>";
		};
		B8E66E3022AF5BB500DF8EB5 /* RepositoryDetail */ = {
			isa = PBXGroup;
			children = (
				B8E66E3122AF5BD400DF8EB5 /* RepositoryDetailScene.swift */,
			);
			path = RepositoryDetail;
			sourceTree = "<group>";
		};
		B8E66E3322AFB5DD00DF8EB5 /* utilities */ = {
			isa = PBXGroup;
			children = (
				B8E66E3422AFB5F200DF8EB5 /* WebView.swift */,
			);
			path = utilities;
			sourceTree = "<group>";
		};
/* End PBXGroup section */

/* Begin PBXNativeTarget section */
		B86012E622AE974000256BBE /* github-swiftui */ = {
			isa = PBXNativeTarget;
			buildConfigurationList = B86012FB22AE974100256BBE /* Build configuration list for PBXNativeTarget "github-swiftui" */;
			buildPhases = (
				B86012E322AE974000256BBE /* Sources */,
				B86012E422AE974000256BBE /* Frameworks */,
				B86012E522AE974000256BBE /* Resources */,
			);
			buildRules = (
			);
			dependencies = (
			);
			name = "github-swiftui";
			productName = "github-swiftui";
			productReference = B86012E722AE974000256BBE /* github-swiftui.app */;
			productType = "com.apple.product-type.application";
		};
/* End PBXNativeTarget section */

/* Begin PBXProject section */
		B86012DF22AE974000256BBE /* Project object */ = {
			isa = PBXProject;
			attributes = {
				LastSwiftUpdateCheck = 1100;
				LastUpgradeCheck = 1100;
				ORGANIZATIONNAME = hicka04;
				TargetAttributes = {
					B86012E622AE974000256BBE = {
						CreatedOnToolsVersion = 11.0;
					};
				};
			};
			buildConfigurationList = B86012E222AE974000256BBE /* Build configuration list for PBXProject "github-swiftui" */;
			compatibilityVersion = "Xcode 9.3";
			developmentRegion = en;
			hasScannedForEncodings = 0;
			knownRegions = (
				en,
				Base,
			);
			mainGroup = B86012DE22AE974000256BBE;
			productRefGroup = B86012E822AE974000256BBE /* Products */;
			projectDirPath = "";
			projectRoot = "";
			targets = (
				B86012E622AE974000256BBE /* github-swiftui */,
			);
		};
/* End PBXProject section */

/* Begin PBXResourcesBuildPhase section */
		B86012E522AE974000256BBE /* Resources */ = {
			isa = PBXResourcesBuildPhase;
			buildActionMask = 2147483647;
			files = (
				B86012F722AE974100256BBE /* LaunchScreen.storyboard in Resources */,
				B86012F422AE974100256BBE /* Preview Assets.xcassets in Resources */,
				B86012F122AE974100256BBE /* Assets.xcassets in Resources */,
			);
			runOnlyForDeploymentPostprocessing = 0;
		};
/* End PBXResourcesBuildPhase section */

/* Begin PBXSourcesBuildPhase section */
		B86012E322AE974000256BBE /* Sources */ = {
			isa = PBXSourcesBuildPhase;
			buildActionMask = 2147483647;
			files = (
				B86012EB22AE974000256BBE /* AppDelegate.swift in Sources */,
				B8E66E3522AFB5F200DF8EB5 /* WebView.swift in Sources */,
				B860131122AEA9C600256BBE /* RepositoryRow.swift in Sources */,
				B8A5346722BBA0DE00D8E1B2 /* URLQueryItem+extension.swift in Sources */,
				B86012ED22AE974000256BBE /* SceneDelegate.swift in Sources */,
				B8A5345D22BB9E4300D8E1B2 /* GitHubRequest.swift in Sources */,
				B8A5345B22BB9C7100D8E1B2 /* GitHubAPI.swift in Sources */,
				B8A5346222BB9F6D00D8E1B2 /* GitHubAPIError.swift in Sources */,
				B860130E22AEA9B000256BBE /* RepositorySearchResultsScene.swift in Sources */,
				B860131422AEAA2C00256BBE /* Repository.swift in Sources */,
				B8A5346422BBA07A00D8E1B2 /* GitHubClientError.swift in Sources */,
				B8A5345F22BB9E9800D8E1B2 /* HTTPMethod.swift in Sources */,
				B826DA9422B9E9B9002197FA /* BookmarksScene.swift in Sources */,
				B826DA9B22BA7D46002197FA /* GitHubClient.swift in Sources */,
				B8A5345822BA855900D8E1B2 /* SearchResponse.swift in Sources */,
				B8E66E3222AF5BD400DF8EB5 /* RepositoryDetailScene.swift in Sources */,
				B826DA9722B9EABB002197FA /* TabScene.swift in Sources */,
				B860131622AEAA4200256BBE /* User.swift in Sources */,
			);
			runOnlyForDeploymentPostprocessing = 0;
		};
/* End PBXSourcesBuildPhase section */

/* Begin PBXVariantGroup section */
		B86012F522AE974100256BBE /* LaunchScreen.storyboard */ = {
			isa = PBXVariantGroup;
			children = (
				B86012F622AE974100256BBE /* Base */,
			);
			name = LaunchScreen.storyboard;
			sourceTree = "<group>";
		};
/* End PBXVariantGroup section */

/* Begin XCBuildConfiguration section */
		B86012F922AE974100256BBE /* Debug */ = {
			isa = XCBuildConfiguration;
			buildSettings = {
				ALWAYS_SEARCH_USER_PATHS = NO;
				CLANG_ANALYZER_NONNULL = YES;
				CLANG_ANALYZER_NUMBER_OBJECT_CONVERSION = YES_AGGRESSIVE;
				CLANG_CXX_LANGUAGE_STANDARD = "gnu++14";
				CLANG_CXX_LIBRARY = "libc++";
				CLANG_ENABLE_MODULES = YES;
				CLANG_ENABLE_OBJC_ARC = YES;
				CLANG_ENABLE_OBJC_WEAK = YES;
				CLANG_WARN_BLOCK_CAPTURE_AUTORELEASING = YES;
				CLANG_WARN_BOOL_CONVERSION = YES;
				CLANG_WARN_COMMA = YES;
				CLANG_WARN_CONSTANT_CONVERSION = YES;
				CLANG_WARN_DEPRECATED_OBJC_IMPLEMENTATIONS = YES;
				CLANG_WARN_DIRECT_OBJC_ISA_USAGE = YES_ERROR;
				CLANG_WARN_DOCUMENTATION_COMMENTS = YES;
				CLANG_WARN_EMPTY_BODY = YES;
				CLANG_WARN_ENUM_CONVERSION = YES;
				CLANG_WARN_INFINITE_RECURSION = YES;
				CLANG_WARN_INT_CONVERSION = YES;
				CLANG_WARN_NON_LITERAL_NULL_CONVERSION = YES;
				CLANG_WARN_OBJC_IMPLICIT_RETAIN_SELF = YES;
				CLANG_WARN_OBJC_LITERAL_CONVERSION = YES;
				CLANG_WARN_OBJC_ROOT_CLASS = YES_ERROR;
				CLANG_WARN_RANGE_LOOP_ANALYSIS = YES;
				CLANG_WARN_STRICT_PROTOTYPES = YES;
				CLANG_WARN_SUSPICIOUS_MOVE = YES;
				CLANG_WARN_UNGUARDED_AVAILABILITY = YES_AGGRESSIVE;
				CLANG_WARN_UNREACHABLE_CODE = YES;
				CLANG_WARN__DUPLICATE_METHOD_MATCH = YES;
				COPY_PHASE_STRIP = NO;
				DEBUG_INFORMATION_FORMAT = dwarf;
				ENABLE_STRICT_OBJC_MSGSEND = YES;
				ENABLE_TESTABILITY = YES;
				GCC_C_LANGUAGE_STANDARD = gnu11;
				GCC_DYNAMIC_NO_PIC = NO;
				GCC_NO_COMMON_BLOCKS = YES;
				GCC_OPTIMIZATION_LEVEL = 0;
				GCC_PREPROCESSOR_DEFINITIONS = (
					"DEBUG=1",
					"$(inherited)",
				);
				GCC_WARN_64_TO_32_BIT_CONVERSION = YES;
				GCC_WARN_ABOUT_RETURN_TYPE = YES_ERROR;
				GCC_WARN_UNDECLARED_SELECTOR = YES;
				GCC_WARN_UNINITIALIZED_AUTOS = YES_AGGRESSIVE;
				GCC_WARN_UNUSED_FUNCTION = YES;
				GCC_WARN_UNUSED_VARIABLE = YES;
				IPHONEOS_DEPLOYMENT_TARGET = 13.0;
				MTL_ENABLE_DEBUG_INFO = INCLUDE_SOURCE;
				MTL_FAST_MATH = YES;
				ONLY_ACTIVE_ARCH = YES;
				SDKROOT = iphoneos;
				SWIFT_ACTIVE_COMPILATION_CONDITIONS = DEBUG;
				SWIFT_OPTIMIZATION_LEVEL = "-Onone";
			};
			name = Debug;
		};
		B86012FA22AE974100256BBE /* Release */ = {
			isa = XCBuildConfiguration;
			buildSettings = {
				ALWAYS_SEARCH_USER_PATHS = NO;
				CLANG_ANALYZER_NONNULL = YES;
				CLANG_ANALYZER_NUMBER_OBJECT_CONVERSION = YES_AGGRESSIVE;
				CLANG_CXX_LANGUAGE_STANDARD = "gnu++14";
				CLANG_CXX_LIBRARY = "libc++";
				CLANG_ENABLE_MODULES = YES;
				CLANG_ENABLE_OBJC_ARC = YES;
				CLANG_ENABLE_OBJC_WEAK = YES;
				CLANG_WARN_BLOCK_CAPTURE_AUTORELEASING = YES;
				CLANG_WARN_BOOL_CONVERSION = YES;
				CLANG_WARN_COMMA = YES;
				CLANG_WARN_CONSTANT_CONVERSION = YES;
				CLANG_WARN_DEPRECATED_OBJC_IMPLEMENTATIONS = YES;
				CLANG_WARN_DIRECT_OBJC_ISA_USAGE = YES_ERROR;
				CLANG_WARN_DOCUMENTATION_COMMENTS = YES;
				CLANG_WARN_EMPTY_BODY = YES;
				CLANG_WARN_ENUM_CONVERSION = YES;
				CLANG_WARN_INFINITE_RECURSION = YES;
				CLANG_WARN_INT_CONVERSION = YES;
				CLANG_WARN_NON_LITERAL_NULL_CONVERSION = YES;
				CLANG_WARN_OBJC_IMPLICIT_RETAIN_SELF = YES;
				CLANG_WARN_OBJC_LITERAL_CONVERSION = YES;
				CLANG_WARN_OBJC_ROOT_CLASS = YES_ERROR;
				CLANG_WARN_RANGE_LOOP_ANALYSIS = YES;
				CLANG_WARN_STRICT_PROTOTYPES = YES;
				CLANG_WARN_SUSPICIOUS_MOVE = YES;
				CLANG_WARN_UNGUARDED_AVAILABILITY = YES_AGGRESSIVE;
				CLANG_WARN_UNREACHABLE_CODE = YES;
				CLANG_WARN__DUPLICATE_METHOD_MATCH = YES;
				COPY_PHASE_STRIP = NO;
				DEBUG_INFORMATION_FORMAT = "dwarf-with-dsym";
				ENABLE_NS_ASSERTIONS = NO;
				ENABLE_STRICT_OBJC_MSGSEND = YES;
				GCC_C_LANGUAGE_STANDARD = gnu11;
				GCC_NO_COMMON_BLOCKS = YES;
				GCC_WARN_64_TO_32_BIT_CONVERSION = YES;
				GCC_WARN_ABOUT_RETURN_TYPE = YES_ERROR;
				GCC_WARN_UNDECLARED_SELECTOR = YES;
				GCC_WARN_UNINITIALIZED_AUTOS = YES_AGGRESSIVE;
				GCC_WARN_UNUSED_FUNCTION = YES;
				GCC_WARN_UNUSED_VARIABLE = YES;
				IPHONEOS_DEPLOYMENT_TARGET = 13.0;
				MTL_ENABLE_DEBUG_INFO = NO;
				MTL_FAST_MATH = YES;
				SDKROOT = iphoneos;
				SWIFT_COMPILATION_MODE = wholemodule;
				SWIFT_OPTIMIZATION_LEVEL = "-O";
				VALIDATE_PRODUCT = YES;
			};
			name = Release;
		};
		B86012FC22AE974100256BBE /* Debug */ = {
			isa = XCBuildConfiguration;
			buildSettings = {
				ASSETCATALOG_COMPILER_APPICON_NAME = AppIcon;
				CODE_SIGN_STYLE = Automatic;
				DEVELOPMENT_ASSET_PATHS = "github-swiftui/Preview\\ Content";
				DEVELOPMENT_TEAM = 8RYHZQ93KG;
				ENABLE_PREVIEWS = YES;
				INFOPLIST_FILE = "github-swiftui/application/Info.plist";
				LD_RUNPATH_SEARCH_PATHS = (
					"$(inherited)",
					"@executable_path/Frameworks",
				);
				PRODUCT_BUNDLE_IDENTIFIER = "com.hicka04.github-swiftui";
				PRODUCT_NAME = "$(TARGET_NAME)";
				SWIFT_VERSION = 5.0;
				TARGETED_DEVICE_FAMILY = "1,2";
			};
			name = Debug;
		};
		B86012FD22AE974100256BBE /* Release */ = {
			isa = XCBuildConfiguration;
			buildSettings = {
				ASSETCATALOG_COMPILER_APPICON_NAME = AppIcon;
				CODE_SIGN_STYLE = Automatic;
				DEVELOPMENT_ASSET_PATHS = "github-swiftui/Preview\\ Content";
				DEVELOPMENT_TEAM = 8RYHZQ93KG;
				ENABLE_PREVIEWS = YES;
				INFOPLIST_FILE = "github-swiftui/application/Info.plist";
				LD_RUNPATH_SEARCH_PATHS = (
					"$(inherited)",
					"@executable_path/Frameworks",
				);
				PRODUCT_BUNDLE_IDENTIFIER = "com.hicka04.github-swiftui";
				PRODUCT_NAME = "$(TARGET_NAME)";
				SWIFT_VERSION = 5.0;
				TARGETED_DEVICE_FAMILY = "1,2";
			};
			name = Release;
		};
/* End XCBuildConfiguration section */

/* Begin XCConfigurationList section */
		B86012E222AE974000256BBE /* Build configuration list for PBXProject "github-swiftui" */ = {
			isa = XCConfigurationList;
			buildConfigurations = (
				B86012F922AE974100256BBE /* Debug */,
				B86012FA22AE974100256BBE /* Release */,
			);
			defaultConfigurationIsVisible = 0;
			defaultConfigurationName = Release;
		};
		B86012FB22AE974100256BBE /* Build configuration list for PBXNativeTarget "github-swiftui" */ = {
			isa = XCConfigurationList;
			buildConfigurations = (
				B86012FC22AE974100256BBE /* Debug */,
				B86012FD22AE974100256BBE /* Release */,
			);
			defaultConfigurationIsVisible = 0;
			defaultConfigurationName = Release;
		};
/* End XCConfigurationList section */
	};
	rootObject = B86012DF22AE974000256BBE /* Project object */;
}
